
Microsoft Visual Studio Solution File, Format Version 12.00
# Visual Studio 15
VisualStudioVersion = 15.0.26124.0
MinimumVisualStudioVersion = 15.0.26124.0
Project("{2150E333-8FDC-42A3-9474-1A3956D46DE8}") = "src", "src", "{2DAB7399-3750-47FC-8154-79F0DFE6D3AF}"
EndProject
Project("{FAE04EC0-301F-11D3-BF4B-00C04F79EFBC}") = "PalTracker", "src\PalTracker\PalTracker.csproj", "{1935C700-A16E-4692-A1A9-6610624FA4A5}"
EndProject
Project("{2150E333-8FDC-42A3-9474-1A3956D46DE8}") = "test", "test", "{2F270986-F800-4769-8AD5-220B2158DF82}"
EndProject
Project("{FAE04EC0-301F-11D3-BF4B-00C04F79EFBC}") = "PalTrackerTests", "test\PalTrackerTests\PalTrackerTests.csproj", "{EE44FE1E-E74D-45C3-966B-95E06F0E771D}"
EndProject
Global
	GlobalSection(SolutionConfigurationPlatforms) = preSolution
		Debug|Any CPU = Debug|Any CPU
		Debug|x64 = Debug|x64
		Debug|x86 = Debug|x86
		Release|Any CPU = Release|Any CPU
		Release|x64 = Release|x64
		Release|x86 = Release|x86
	EndGlobalSection
	GlobalSection(SolutionProperties) = preSolution
		HideSolutionNode = FALSE
	EndGlobalSection
	GlobalSection(ProjectConfigurationPlatforms) = postSolution
		{1935C700-A16E-4692-A1A9-6610624FA4A5}.Debug|Any CPU.ActiveCfg = Debug|Any CPU
		{1935C700-A16E-4692-A1A9-6610624FA4A5}.Debug|Any CPU.Build.0 = Debug|Any CPU
		{1935C700-A16E-4692-A1A9-6610624FA4A5}.Debug|x64.ActiveCfg = Debug|Any CPU
		{1935C700-A16E-4692-A1A9-6610624FA4A5}.Debug|x64.Build.0 = Debug|Any CPU
		{1935C700-A16E-4692-A1A9-6610624FA4A5}.Debug|x86.ActiveCfg = Debug|Any CPU
		{1935C700-A16E-4692-A1A9-6610624FA4A5}.Debug|x86.Build.0 = Debug|Any CPU
		{1935C700-A16E-4692-A1A9-6610624FA4A5}.Release|Any CPU.ActiveCfg = Release|Any CPU
		{1935C700-A16E-4692-A1A9-6610624FA4A5}.Release|Any CPU.Build.0 = Release|Any CPU
		{1935C700-A16E-4692-A1A9-6610624FA4A5}.Release|x64.ActiveCfg = Release|Any CPU
		{1935C700-A16E-4692-A1A9-6610624FA4A5}.Release|x64.Build.0 = Release|Any CPU
		{1935C700-A16E-4692-A1A9-6610624FA4A5}.Release|x86.ActiveCfg = Release|Any CPU
		{1935C700-A16E-4692-A1A9-6610624FA4A5}.Release|x86.Build.0 = Release|Any CPU
		{EE44FE1E-E74D-45C3-966B-95E06F0E771D}.Debug|Any CPU.ActiveCfg = Debug|Any CPU
		{EE44FE1E-E74D-45C3-966B-95E06F0E771D}.Debug|Any CPU.Build.0 = Debug|Any CPU
		{EE44FE1E-E74D-45C3-966B-95E06F0E771D}.Debug|x64.ActiveCfg = Debug|Any CPU
		{EE44FE1E-E74D-45C3-966B-95E06F0E771D}.Debug|x64.Build.0 = Debug|Any CPU
		{EE44FE1E-E74D-45C3-966B-95E06F0E771D}.Debug|x86.ActiveCfg = Debug|Any CPU
		{EE44FE1E-E74D-45C3-966B-95E06F0E771D}.Debug|x86.Build.0 = Debug|Any CPU
		{EE44FE1E-E74D-45C3-966B-95E06F0E771D}.Release|Any CPU.ActiveCfg = Release|Any CPU
		{EE44FE1E-E74D-45C3-966B-95E06F0E771D}.Release|Any CPU.Build.0 = Release|Any CPU
		{EE44FE1E-E74D-45C3-966B-95E06F0E771D}.Release|x64.ActiveCfg = Release|Any CPU
		{EE44FE1E-E74D-45C3-966B-95E06F0E771D}.Release|x64.Build.0 = Release|Any CPU
		{EE44FE1E-E74D-45C3-966B-95E06F0E771D}.Release|x86.ActiveCfg = Release|Any CPU
		{EE44FE1E-E74D-45C3-966B-95E06F0E771D}.Release|x86.Build.0 = Release|Any CPU
	EndGlobalSection
	GlobalSection(NestedProjects) = preSolution
		{1935C700-A16E-4692-A1A9-6610624FA4A5} = {2DAB7399-3750-47FC-8154-79F0DFE6D3AF}
		{EE44FE1E-E74D-45C3-966B-95E06F0E771D} = {2F270986-F800-4769-8AD5-220B2158DF82}
	EndGlobalSection
EndGlobal
